
Microsoft Visual Studio Solution File, Format Version 12.00
# Visual Studio Version 16
VisualStudioVersion = 16.0.31729.503
MinimumVisualStudioVersion = 10.0.40219.1
Project("{FAE04EC0-301F-11D3-BF4B-00C04F79EFBC}") = "Calculator", "Calculator\Calculator.csproj", "{417E6CAF-B405-41E3-908A-5A5EDD5919AB}"
EndProject
Global
	GlobalSection(SolutionConfigurationPlatforms) = preSolution
		Debug|Any CPU = Debug|Any CPU
		Release|Any CPU = Release|Any CPU
	EndGlobalSection
	GlobalSection(ProjectConfigurationPlatforms) = postSolution
		{417E6CAF-B405-41E3-908A-5A5EDD5919AB}.Debug|Any CPU.ActiveCfg = Debug|Any CPU
		{417E6CAF-B405-41E3-908A-5A5EDD5919AB}.Debug|Any CPU.Build.0 = Debug|Any CPU
		{417E6CAF-B405-41E3-908A-5A5EDD5919AB}.Release|Any CPU.ActiveCfg = Release|Any CPU
		{417E6CAF-B405-41E3-908A-5A5EDD5919AB}.Release|Any CPU.Build.0 = Release|Any CPU
	EndGlobalSection
	GlobalSection(SolutionProperties) = preSolution
		HideSolutionNode = FALSE
	EndGlobalSection
	GlobalSection(ExtensibilityGlobals) = postSolution
		SolutionGuid = {B3DF7147-97A3-49EA-B99F-5DE33B035DEA}
	EndGlobalSection
EndGlobal
